
Microsoft Visual Studio Solution File, Format Version 12.00
# Visual Studio Version 17
VisualStudioVersion = 17.5.002.0
MinimumVisualStudioVersion = 10.0.40219.1
Project("{9A19103F-16F7-4668-BE54-9A1E7A4F7556}") = "DotnetAPI", "DotnetAPI\DotnetAPI.csproj", "{5A5471C4-7CE9-4BFA-97C9-F991919E32EA}"
EndProject
Project("{FAE04EC0-301F-11D3-BF4B-00C04F79EFBC}") = "DotnetGRPC", "DotnetGRPC\DotnetGRPC.csproj", "{14F1D95D-6A2F-445C-A68A-2E172A33A796}"
EndProject
Project("{FAE04EC0-301F-11D3-BF4B-00C04F79EFBC}") = "DotnetGRPCClient", "DotnetGRPCClient\DotnetGRPCClient.csproj", "{68FB6902-01B7-4358-98BC-42EC472F6891}"
EndProject
Global
	GlobalSection(SolutionConfigurationPlatforms) = preSolution
		Debug|Any CPU = Debug|Any CPU
		Release|Any CPU = Release|Any CPU
	EndGlobalSection
	GlobalSection(ProjectConfigurationPlatforms) = postSolution
		{5A5471C4-7CE9-4BFA-97C9-F991919E32EA}.Debug|Any CPU.ActiveCfg = Debug|Any CPU
		{5A5471C4-7CE9-4BFA-97C9-F991919E32EA}.Debug|Any CPU.Build.0 = Debug|Any CPU
		{5A5471C4-7CE9-4BFA-97C9-F991919E32EA}.Release|Any CPU.ActiveCfg = Release|Any CPU
		{5A5471C4-7CE9-4BFA-97C9-F991919E32EA}.Release|Any CPU.Build.0 = Release|Any CPU
		{14F1D95D-6A2F-445C-A68A-2E172A33A796}.Debug|Any CPU.ActiveCfg = Debug|Any CPU
		{14F1D95D-6A2F-445C-A68A-2E172A33A796}.Debug|Any CPU.Build.0 = Debug|Any CPU
		{14F1D95D-6A2F-445C-A68A-2E172A33A796}.Release|Any CPU.ActiveCfg = Release|Any CPU
		{14F1D95D-6A2F-445C-A68A-2E172A33A796}.Release|Any CPU.Build.0 = Release|Any CPU
		{68FB6902-01B7-4358-98BC-42EC472F6891}.Debug|Any CPU.ActiveCfg = Debug|Any CPU
		{68FB6902-01B7-4358-98BC-42EC472F6891}.Debug|Any CPU.Build.0 = Debug|Any CPU
		{68FB6902-01B7-4358-98BC-42EC472F6891}.Release|Any CPU.ActiveCfg = Release|Any CPU
		{68FB6902-01B7-4358-98BC-42EC472F6891}.Release|Any CPU.Build.0 = Release|Any CPU
	EndGlobalSection
	GlobalSection(SolutionProperties) = preSolution
		HideSolutionNode = FALSE
	EndGlobalSection
	GlobalSection(ExtensibilityGlobals) = postSolution
		SolutionGuid = {9CD46C56-7F47-4440-A9F8-899FF4FC15F7}
	EndGlobalSection
EndGlobal
